
Microsoft Visual Studio Solution File, Format Version 12.00
# Visual Studio Version 16
VisualStudioVersion = 16.0.29215.179
MinimumVisualStudioVersion = 10.0.40219.1
Project("{FAE04EC0-301F-11D3-BF4B-00C04F79EFBC}") = "RestaurantAPI", "RestaurantAPI.csproj", "{551B5D44-8C14-4563-93F0-262A3FBC7717}"
EndProject
Global
	GlobalSection(SolutionConfigurationPlatforms) = preSolution
		Debug|Any CPU = Debug|Any CPU
		Release|Any CPU = Release|Any CPU
	EndGlobalSection
	GlobalSection(ProjectConfigurationPlatforms) = postSolution
		{551B5D44-8C14-4563-93F0-262A3FBC7717}.Debug|Any CPU.ActiveCfg = Debug|Any CPU
		{551B5D44-8C14-4563-93F0-262A3FBC7717}.Debug|Any CPU.Build.0 = Debug|Any CPU
		{551B5D44-8C14-4563-93F0-262A3FBC7717}.Release|Any CPU.ActiveCfg = Release|Any CPU
		{551B5D44-8C14-4563-93F0-262A3FBC7717}.Release|Any CPU.Build.0 = Release|Any CPU
	EndGlobalSection
	GlobalSection(SolutionProperties) = preSolution
		HideSolutionNode = FALSE
	EndGlobalSection
	GlobalSection(ExtensibilityGlobals) = postSolution
		SolutionGuid = {ACA70EEE-C12B-40FC-B3E8-A76D802A9C9C}
	EndGlobalSection
EndGlobal
